
Microsoft Visual Studio Solution File, Format Version 12.00
# Visual Studio 2015
Project("{FAE04EC0-301F-11D3-BF4B-00C04F79EFBC}") = "TankTutorial", "TankTutorial.csproj", "{EA83E5B8-63B9-14EB-9AA8-1B3126DCDF04}"
EndProject
Project("{FAE04EC0-301F-11D3-BF4B-00C04F79EFBC}") = "TankTutorial.Editor", "TankTutorial.Editor.csproj", "{F07BF5B8-4A39-F785-15DC-9F2C7EB92FCF}"
EndProject
Global
	GlobalSection(SolutionConfigurationPlatforms) = preSolution
		Debug|Any CPU = Debug|Any CPU
		Release|Any CPU = Release|Any CPU
	EndGlobalSection
	GlobalSection(ProjectConfigurationPlatforms) = postSolution
		{EA83E5B8-63B9-14EB-9AA8-1B3126DCDF04}.Debug|Any CPU.ActiveCfg = Debug|Any CPU
		{EA83E5B8-63B9-14EB-9AA8-1B3126DCDF04}.Debug|Any CPU.Build.0 = Debug|Any CPU
		{EA83E5B8-63B9-14EB-9AA8-1B3126DCDF04}.Release|Any CPU.ActiveCfg = Release|Any CPU
		{EA83E5B8-63B9-14EB-9AA8-1B3126DCDF04}.Release|Any CPU.Build.0 = Release|Any CPU
		{F07BF5B8-4A39-F785-15DC-9F2C7EB92FCF}.Debug|Any CPU.ActiveCfg = Debug|Any CPU
		{F07BF5B8-4A39-F785-15DC-9F2C7EB92FCF}.Debug|Any CPU.Build.0 = Debug|Any CPU
		{F07BF5B8-4A39-F785-15DC-9F2C7EB92FCF}.Release|Any CPU.ActiveCfg = Release|Any CPU
		{F07BF5B8-4A39-F785-15DC-9F2C7EB92FCF}.Release|Any CPU.Build.0 = Release|Any CPU
	EndGlobalSection
	GlobalSection(SolutionProperties) = preSolution
		HideSolutionNode = FALSE
	EndGlobalSection
EndGlobal
